<?xml version="1.0" encoding="utf-8"?>
<Project ToolsVersion="4.0" xmlns="http://schemas.microsoft.com/developer/msbuild/2003">
  <ItemGroup>
    <Filter Include="Core">
      <UniqueIdentifier>{561e3984-8f65-454f-a2e8-176278b4b9e6}</UniqueIdentifier>
    </Filter>
    <Filter Include="Renderer">
      <UniqueIdentifier>{416521d8-d08e-4b4e-8f31-9c5a70eb251d}</UniqueIdentifier>
    </Filter>
    <Filter Include="RHI">
      <UniqueIdentifier>{24864dd5-689d-4ad6-8566-294ce9a7af82}</UniqueIdentifier>
    </Filter>
    <Filter Include="Shaders">
      <UniqueIdentifier>{2ffef3c3-2e49-497c-9c2a-3bda2a4a688e}</UniqueIdentifier>
    </Filter>
    <Filter Include="3rdParty">
      <UniqueIdentifier>{07ce5ffe-7f56-4e9a-82ee-1d8efbed9e43}</UniqueIdentifier>
    </Filter>
    <Filter Include="3rdParty\ImGUI">
      <UniqueIdentifier>{295253f2-9d99-417f-bb35-9f000491239e}</UniqueIdentifier>
    </Filter>
    <Filter Include="3rdParty\imnodes">
      <UniqueIdentifier>{4f4115c8-ff32-4614-a8ba-9f0869854b0b}</UniqueIdentifier>
    </Filter>
  </ItemGroup>
  <ItemGroup>
    <ClCompile Include="Core\Window.cpp">
      <Filter>Core</Filter>
    </ClCompile>
    <ClCompile Include="..\..\3rdParty\D3D12MemoryAllocator-2.0.1\src\D3D12MemAlloc.cpp">
      <Filter>RHI</Filter>
    </ClCompile>
    <ClCompile Include="RHI\D3D12Lite.cpp">
      <Filter>RHI</Filter>
    </ClCompile>
    <ClCompile Include="Renderer\Model.cpp">
      <Filter>Renderer</Filter>
    </ClCompile>
    <ClCompile Include="..\..\3rdParty\imgui-1.89.6\imgui\imgui.cpp">
      <Filter>3rdParty\ImGUI</Filter>
    </ClCompile>
    <ClCompile Include="..\..\3rdParty\imgui-1.89.6\imgui\imgui_demo.cpp">
      <Filter>3rdParty\ImGUI</Filter>
    </ClCompile>
    <ClCompile Include="..\..\3rdParty\imgui-1.89.6\imgui\imgui_draw.cpp">
      <Filter>3rdParty\ImGUI</Filter>
    </ClCompile>
    <ClCompile Include="..\..\3rdParty\imgui-1.89.6\imgui\imgui_tables.cpp">
      <Filter>3rdParty\ImGUI</Filter>
    </ClCompile>
    <ClCompile Include="..\..\3rdParty\imgui-1.89.6\imgui\imgui_widgets.cpp">
      <Filter>3rdParty\ImGUI</Filter>
    </ClCompile>
    <ClCompile Include="..\..\3rdParty\imgui-1.89.6\imgui\backends\imgui_impl_dx12.cpp">
      <Filter>3rdParty\ImGUI</Filter>
    </ClCompile>
    <ClCompile Include="..\..\3rdParty\imgui-1.89.6\imgui\backends\imgui_impl_sdl2.cpp">
      <Filter>3rdParty\ImGUI</Filter>
    </ClCompile>
    <ClCompile Include="..\..\3rdParty\imnodes-master\imnodes\imnodes.cpp">
      <Filter>3rdParty\imnodes</Filter>
    </ClCompile>
    <ClCompile Include="Renderer\TerrainRenderer.cpp">
      <Filter>Renderer</Filter>
    </ClCompile>
  </ItemGroup>
  <ItemGroup>
    <ClInclude Include="Core\Window.h">
      <Filter>Core</Filter>
    </ClInclude>
    <ClInclude Include="..\..\3rdParty\D3D12MemoryAllocator-2.0.1\include\D3D12MemAlloc.h">
      <Filter>RHI</Filter>
    </ClInclude>
    <ClInclude Include="RHI\D3D12Lite.h">
      <Filter>RHI</Filter>
    </ClInclude>
    <ClInclude Include="..\..\Assets\Shaders\ShaderInterop.h">
      <Filter>Shaders</Filter>
    </ClInclude>
    <ClInclude Include="Renderer\Model.h">
      <Filter>Renderer</Filter>
    </ClInclude>
    <ClInclude Include="..\..\3rdParty\imgui-1.89.6\imgui\imconfig.h">
      <Filter>3rdParty\ImGUI</Filter>
    </ClInclude>
    <ClInclude Include="..\..\3rdParty\imgui-1.89.6\imgui\imgui.h">
      <Filter>3rdParty\ImGUI</Filter>
    </ClInclude>
    <ClInclude Include="..\..\3rdParty\imgui-1.89.6\imgui\imgui_internal.h">
      <Filter>3rdParty\ImGUI</Filter>
    </ClInclude>
    <ClInclude Include="..\..\3rdParty\imgui-1.89.6\imgui\imstb_rectpack.h">
      <Filter>3rdParty\ImGUI</Filter>
    </ClInclude>
    <ClInclude Include="..\..\3rdParty\imgui-1.89.6\imgui\imstb_textedit.h">
      <Filter>3rdParty\ImGUI</Filter>
    </ClInclude>
    <ClInclude Include="..\..\3rdParty\imgui-1.89.6\imgui\imstb_truetype.h">
      <Filter>3rdParty\ImGUI</Filter>
    </ClInclude>
    <ClInclude Include="..\..\3rdParty\imgui-1.89.6\imgui\backends\imgui_impl_dx12.h">
      <Filter>3rdParty\ImGUI</Filter>
    </ClInclude>
    <ClInclude Include="..\..\3rdParty\imgui-1.89.6\imgui\backends\imgui_impl_sdl2.h">
      <Filter>3rdParty\ImGUI</Filter>
    </ClInclude>
    <ClInclude Include="..\..\3rdParty\imnodes-master\imnodes\imnodes.h">
      <Filter>3rdParty\imnodes</Filter>
    </ClInclude>
    <ClInclude Include="..\..\3rdParty\imnodes-master\imnodes\imnodes_internal.h">
      <Filter>3rdParty\imnodes</Filter>
    </ClInclude>
    <ClInclude Include="Renderer\TerrainRenderer.h">
      <Filter>Renderer</Filter>
    </ClInclude>
    <ClInclude Include="Renderer\RendererTypes.h">
      <Filter>Renderer</Filter>
    </ClInclude>
  </ItemGroup>
  <ItemGroup>
    <Natvis Include="..\..\3rdParty\D3D12MemoryAllocator-2.0.1\src\D3D12MemAlloc.natvis">
      <Filter>RHI</Filter>
    </Natvis>
  </ItemGroup>
  <ItemGroup>
    <FxCompile Include="..\..\Assets\Shaders\Common.hlsl">
      <Filter>Shaders</Filter>
    </FxCompile>
    <FxCompile Include="..\..\Assets\Shaders\MeshPreview.hlsl">
      <Filter>Shaders</Filter>
    </FxCompile>
    <FxCompile Include="..\..\Assets\Shaders\Terrain.hlsl">
      <Filter>Shaders</Filter>
    </FxCompile>
  </ItemGroup>
</Project>