<?xml version="1.0" encoding="utf-8"?>
<Project ToolsVersion="4.0" xmlns="http://schemas.microsoft.com/developer/msbuild/2003">
  <ItemGroup>
    <Filter Include="Core">
      <UniqueIdentifier>{561e3984-8f65-454f-a2e8-176278b4b9e6}</UniqueIdentifier>
    </Filter>
    <Filter Include="Renderer">
      <UniqueIdentifier>{416521d8-d08e-4b4e-8f31-9c5a70eb251d}</UniqueIdentifier>
    </Filter>
    <Filter Include="RHI">
      <UniqueIdentifier>{24864dd5-689d-4ad6-8566-294ce9a7af82}</UniqueIdentifier>
    </Filter>
  </ItemGroup>
  <ItemGroup>
    <ClCompile Include="Core\Window.cpp">
      <Filter>Core</Filter>
    </ClCompile>
    <ClCompile Include="..\..\3rdParty\D3D12MemoryAllocator-2.0.1\src\D3D12MemAlloc.cpp">
      <Filter>RHI</Filter>
    </ClCompile>
    <ClCompile Include="RHI\D3D12Lite.cpp">
      <Filter>RHI</Filter>
    </ClCompile>
  </ItemGroup>
  <ItemGroup>
    <ClInclude Include="Core\Window.h">
      <Filter>Core</Filter>
    </ClInclude>
    <ClInclude Include="..\..\3rdParty\D3D12MemoryAllocator-2.0.1\include\D3D12MemAlloc.h">
      <Filter>RHI</Filter>
    </ClInclude>
    <ClInclude Include="RHI\D3D12Lite.h">
      <Filter>RHI</Filter>
    </ClInclude>
  </ItemGroup>
  <ItemGroup>
    <Natvis Include="..\..\3rdParty\D3D12MemoryAllocator-2.0.1\src\D3D12MemAlloc.natvis">
      <Filter>RHI</Filter>
    </Natvis>
  </ItemGroup>
</Project>